
Microsoft Visual Studio Solution File, Format Version 12.00
# Visual Studio Version 17
VisualStudioVersion = 17.5.33530.505
MinimumVisualStudioVersion = 10.0.40219.1
Project("{2150E333-8FDC-42A3-9474-1A3956D46DE8}") = "Services", "Services", "{384EEA02-CFAB-4F9B-8277-56FE201C7E0F}"
EndProject
Project("{2150E333-8FDC-42A3-9474-1A3956D46DE8}") = "Employee_Info", "Employee_Info", "{557997D1-2EA3-4F84-BD4A-CA83B0601327}"
EndProject
Project("{9A19103F-16F7-4668-BE54-9A1E7A4F7556}") = "Employee_Info.API", "Services\Employee_Info\Employee_Info.API\Employee_Info.API.csproj", "{4CC9D9C2-B671-4A1F-A731-6E99DF449C7F}"
EndProject
Project("{2150E333-8FDC-42A3-9474-1A3956D46DE8}") = "Solution Items", "Solution Items", "{3CA49CE6-6000-4239-9D47-D08268EBC8AC}"
	ProjectSection(SolutionItems) = preProject
		.editorconfig = .editorconfig
	EndProjectSection
EndProject
Global
	GlobalSection(SolutionConfigurationPlatforms) = preSolution
		Debug|Any CPU = Debug|Any CPU
		Release|Any CPU = Release|Any CPU
	EndGlobalSection
	GlobalSection(ProjectConfigurationPlatforms) = postSolution
		{4CC9D9C2-B671-4A1F-A731-6E99DF449C7F}.Debug|Any CPU.ActiveCfg = Debug|Any CPU
		{4CC9D9C2-B671-4A1F-A731-6E99DF449C7F}.Debug|Any CPU.Build.0 = Debug|Any CPU
		{4CC9D9C2-B671-4A1F-A731-6E99DF449C7F}.Release|Any CPU.ActiveCfg = Release|Any CPU
		{4CC9D9C2-B671-4A1F-A731-6E99DF449C7F}.Release|Any CPU.Build.0 = Release|Any CPU
	EndGlobalSection
	GlobalSection(SolutionProperties) = preSolution
		HideSolutionNode = FALSE
	EndGlobalSection
	GlobalSection(NestedProjects) = preSolution
		{557997D1-2EA3-4F84-BD4A-CA83B0601327} = {384EEA02-CFAB-4F9B-8277-56FE201C7E0F}
		{4CC9D9C2-B671-4A1F-A731-6E99DF449C7F} = {557997D1-2EA3-4F84-BD4A-CA83B0601327}
	EndGlobalSection
	GlobalSection(ExtensibilityGlobals) = postSolution
		SolutionGuid = {75D28C09-EFFE-46A7-BE4B-5CD85D708E74}
	EndGlobalSection
EndGlobal
